
Microsoft Visual Studio Solution File, Format Version 12.00
# Visual Studio 15
VisualStudioVersion = 15.0.26124.0
MinimumVisualStudioVersion = 15.0.26124.0
Project("{FAE04EC0-301F-11D3-BF4B-00C04F79EFBC}") = "BaltaStore.Api", "BaltaStore.Api\BaltaStore.Api.csproj", "{4B0FFF27-3227-4C10-BFA6-0757322D5C42}"
EndProject
Project("{FAE04EC0-301F-11D3-BF4B-00C04F79EFBC}") = "BaltaStore.Domain", "BaltaStore.Domain\BaltaStore.Domain.csproj", "{D07909B2-06C1-4170-96C1-2DC92FE0E7A7}"
EndProject
Project("{FAE04EC0-301F-11D3-BF4B-00C04F79EFBC}") = "BaltaStore.Infra", "BaltaStore.Infra\BaltaStore.Infra.csproj", "{9A5C157E-6991-497B-84B5-D2CF577856B9}"
EndProject
Project("{FAE04EC0-301F-11D3-BF4B-00C04F79EFBC}") = "BaltaStore.Shared", "BaltaStore.Shared\BaltaStore.Shared.csproj", "{3EDEFEB3-4947-4330-AD58-58B78F9241FC}"
EndProject
Project("{FAE04EC0-301F-11D3-BF4B-00C04F79EFBC}") = "BaltaStore.Tests", "BaltaStore.Tests\BaltaStore.Tests.csproj", "{9B509671-0240-4DDD-B9F8-233C6478B851}"
EndProject
Global
	GlobalSection(SolutionConfigurationPlatforms) = preSolution
		Debug|Any CPU = Debug|Any CPU
		Debug|x64 = Debug|x64
		Debug|x86 = Debug|x86
		Release|Any CPU = Release|Any CPU
		Release|x64 = Release|x64
		Release|x86 = Release|x86
	EndGlobalSection
	GlobalSection(SolutionProperties) = preSolution
		HideSolutionNode = FALSE
	EndGlobalSection
	GlobalSection(ProjectConfigurationPlatforms) = postSolution
		{4B0FFF27-3227-4C10-BFA6-0757322D5C42}.Debug|Any CPU.ActiveCfg = Debug|Any CPU
		{4B0FFF27-3227-4C10-BFA6-0757322D5C42}.Debug|Any CPU.Build.0 = Debug|Any CPU
		{4B0FFF27-3227-4C10-BFA6-0757322D5C42}.Debug|x64.ActiveCfg = Debug|Any CPU
		{4B0FFF27-3227-4C10-BFA6-0757322D5C42}.Debug|x64.Build.0 = Debug|Any CPU
		{4B0FFF27-3227-4C10-BFA6-0757322D5C42}.Debug|x86.ActiveCfg = Debug|Any CPU
		{4B0FFF27-3227-4C10-BFA6-0757322D5C42}.Debug|x86.Build.0 = Debug|Any CPU
		{4B0FFF27-3227-4C10-BFA6-0757322D5C42}.Release|Any CPU.ActiveCfg = Release|Any CPU
		{4B0FFF27-3227-4C10-BFA6-0757322D5C42}.Release|Any CPU.Build.0 = Release|Any CPU
		{4B0FFF27-3227-4C10-BFA6-0757322D5C42}.Release|x64.ActiveCfg = Release|Any CPU
		{4B0FFF27-3227-4C10-BFA6-0757322D5C42}.Release|x64.Build.0 = Release|Any CPU
		{4B0FFF27-3227-4C10-BFA6-0757322D5C42}.Release|x86.ActiveCfg = Release|Any CPU
		{4B0FFF27-3227-4C10-BFA6-0757322D5C42}.Release|x86.Build.0 = Release|Any CPU
		{D07909B2-06C1-4170-96C1-2DC92FE0E7A7}.Debug|Any CPU.ActiveCfg = Debug|Any CPU
		{D07909B2-06C1-4170-96C1-2DC92FE0E7A7}.Debug|Any CPU.Build.0 = Debug|Any CPU
		{D07909B2-06C1-4170-96C1-2DC92FE0E7A7}.Debug|x64.ActiveCfg = Debug|Any CPU
		{D07909B2-06C1-4170-96C1-2DC92FE0E7A7}.Debug|x64.Build.0 = Debug|Any CPU
		{D07909B2-06C1-4170-96C1-2DC92FE0E7A7}.Debug|x86.ActiveCfg = Debug|Any CPU
		{D07909B2-06C1-4170-96C1-2DC92FE0E7A7}.Debug|x86.Build.0 = Debug|Any CPU
		{D07909B2-06C1-4170-96C1-2DC92FE0E7A7}.Release|Any CPU.ActiveCfg = Release|Any CPU
		{D07909B2-06C1-4170-96C1-2DC92FE0E7A7}.Release|Any CPU.Build.0 = Release|Any CPU
		{D07909B2-06C1-4170-96C1-2DC92FE0E7A7}.Release|x64.ActiveCfg = Release|Any CPU
		{D07909B2-06C1-4170-96C1-2DC92FE0E7A7}.Release|x64.Build.0 = Release|Any CPU
		{D07909B2-06C1-4170-96C1-2DC92FE0E7A7}.Release|x86.ActiveCfg = Release|Any CPU
		{D07909B2-06C1-4170-96C1-2DC92FE0E7A7}.Release|x86.Build.0 = Release|Any CPU
		{9A5C157E-6991-497B-84B5-D2CF577856B9}.Debug|Any CPU.ActiveCfg = Debug|Any CPU
		{9A5C157E-6991-497B-84B5-D2CF577856B9}.Debug|Any CPU.Build.0 = Debug|Any CPU
		{9A5C157E-6991-497B-84B5-D2CF577856B9}.Debug|x64.ActiveCfg = Debug|Any CPU
		{9A5C157E-6991-497B-84B5-D2CF577856B9}.Debug|x64.Build.0 = Debug|Any CPU
		{9A5C157E-6991-497B-84B5-D2CF577856B9}.Debug|x86.ActiveCfg = Debug|Any CPU
		{9A5C157E-6991-497B-84B5-D2CF577856B9}.Debug|x86.Build.0 = Debug|Any CPU
		{9A5C157E-6991-497B-84B5-D2CF577856B9}.Release|Any CPU.ActiveCfg = Release|Any CPU
		{9A5C157E-6991-497B-84B5-D2CF577856B9}.Release|Any CPU.Build.0 = Release|Any CPU
		{9A5C157E-6991-497B-84B5-D2CF577856B9}.Release|x64.ActiveCfg = Release|Any CPU
		{9A5C157E-6991-497B-84B5-D2CF577856B9}.Release|x64.Build.0 = Release|Any CPU
		{9A5C157E-6991-497B-84B5-D2CF577856B9}.Release|x86.ActiveCfg = Release|Any CPU
		{9A5C157E-6991-497B-84B5-D2CF577856B9}.Release|x86.Build.0 = Release|Any CPU
		{3EDEFEB3-4947-4330-AD58-58B78F9241FC}.Debug|Any CPU.ActiveCfg = Debug|Any CPU
		{3EDEFEB3-4947-4330-AD58-58B78F9241FC}.Debug|Any CPU.Build.0 = Debug|Any CPU
		{3EDEFEB3-4947-4330-AD58-58B78F9241FC}.Debug|x64.ActiveCfg = Debug|Any CPU
		{3EDEFEB3-4947-4330-AD58-58B78F9241FC}.Debug|x64.Build.0 = Debug|Any CPU
		{3EDEFEB3-4947-4330-AD58-58B78F9241FC}.Debug|x86.ActiveCfg = Debug|Any CPU
		{3EDEFEB3-4947-4330-AD58-58B78F9241FC}.Debug|x86.Build.0 = Debug|Any CPU
		{3EDEFEB3-4947-4330-AD58-58B78F9241FC}.Release|Any CPU.ActiveCfg = Release|Any CPU
		{3EDEFEB3-4947-4330-AD58-58B78F9241FC}.Release|Any CPU.Build.0 = Release|Any CPU
		{3EDEFEB3-4947-4330-AD58-58B78F9241FC}.Release|x64.ActiveCfg = Release|Any CPU
		{3EDEFEB3-4947-4330-AD58-58B78F9241FC}.Release|x64.Build.0 = Release|Any CPU
		{3EDEFEB3-4947-4330-AD58-58B78F9241FC}.Release|x86.ActiveCfg = Release|Any CPU
		{3EDEFEB3-4947-4330-AD58-58B78F9241FC}.Release|x86.Build.0 = Release|Any CPU
		{9B509671-0240-4DDD-B9F8-233C6478B851}.Debug|Any CPU.ActiveCfg = Debug|Any CPU
		{9B509671-0240-4DDD-B9F8-233C6478B851}.Debug|Any CPU.Build.0 = Debug|Any CPU
		{9B509671-0240-4DDD-B9F8-233C6478B851}.Debug|x64.ActiveCfg = Debug|Any CPU
		{9B509671-0240-4DDD-B9F8-233C6478B851}.Debug|x64.Build.0 = Debug|Any CPU
		{9B509671-0240-4DDD-B9F8-233C6478B851}.Debug|x86.ActiveCfg = Debug|Any CPU
		{9B509671-0240-4DDD-B9F8-233C6478B851}.Debug|x86.Build.0 = Debug|Any CPU
		{9B509671-0240-4DDD-B9F8-233C6478B851}.Release|Any CPU.ActiveCfg = Release|Any CPU
		{9B509671-0240-4DDD-B9F8-233C6478B851}.Release|Any CPU.Build.0 = Release|Any CPU
		{9B509671-0240-4DDD-B9F8-233C6478B851}.Release|x64.ActiveCfg = Release|Any CPU
		{9B509671-0240-4DDD-B9F8-233C6478B851}.Release|x64.Build.0 = Release|Any CPU
		{9B509671-0240-4DDD-B9F8-233C6478B851}.Release|x86.ActiveCfg = Release|Any CPU
		{9B509671-0240-4DDD-B9F8-233C6478B851}.Release|x86.Build.0 = Release|Any CPU
	EndGlobalSection
EndGlobal
